
Microsoft Visual Studio Solution File, Format Version 12.00
# Visual Studio Version 17
VisualStudioVersion = 17.5.002.0
MinimumVisualStudioVersion = 10.0.40219.1
Project("{2150E333-8FDC-42A3-9474-1A3956D46DE8}") = "csharp-prep", "csharp-prep", "{4176289A-687C-49DD-92C8-56E737310E09}"
EndProject
Project("{9A19103F-16F7-4668-BE54-9A1E7A4F7556}") = "Prep1", "csharp-prep\Prep1\Prep1.csproj", "{0653763E-9CC5-4265-B762-6AA9D198FAC5}"
EndProject
Project("{9A19103F-16F7-4668-BE54-9A1E7A4F7556}") = "Prep2", "csharp-prep\Prep2\Prep2.csproj", "{E6D33BB2-2A74-4A6B-AE43-EF0266499AAC}"
EndProject
Project("{9A19103F-16F7-4668-BE54-9A1E7A4F7556}") = "Prep3", "csharp-prep\Prep3\Prep3.csproj", "{79A58928-4A77-464B-9874-5423550A500B}"
EndProject
Project("{9A19103F-16F7-4668-BE54-9A1E7A4F7556}") = "Prep4", "csharp-prep\Prep4\Prep4.csproj", "{ECE73AD3-3991-4C87-B35D-A71DC4403B90}"
EndProject
Project("{9A19103F-16F7-4668-BE54-9A1E7A4F7556}") = "Prep5", "csharp-prep\Prep5\Prep5.csproj", "{BF5A621F-FECD-4360-93B9-15E69F998FCD}"
EndProject
Project("{2150E333-8FDC-42A3-9474-1A3956D46DE8}") = "final", "final", "{F0DF6248-5183-43DE-A35D-A424B51B0E4A}"
EndProject
Project("{9A19103F-16F7-4668-BE54-9A1E7A4F7556}") = "FinalProject", "final\FinalProject\FinalProject.csproj", "{C4F6C18A-1C75-41F4-A59C-ED4FD91C6479}"
EndProject
Project("{9A19103F-16F7-4668-BE54-9A1E7A4F7556}") = "Foundation1", "final\Foundation1\Foundation1.csproj", "{3EB37893-F50E-43B8-9B57-BD9D71F822D4}"
EndProject
Project("{9A19103F-16F7-4668-BE54-9A1E7A4F7556}") = "Foundation2", "final\Foundation2\Foundation2.csproj", "{ADBB2724-4ABD-4681-8849-4FF859A5E70C}"
EndProject
Project("{9A19103F-16F7-4668-BE54-9A1E7A4F7556}") = "Foundation3", "final\Foundation3\Foundation3.csproj", "{F4899F53-D1EA-4227-B17C-6D105CBDA1BE}"
EndProject
Project("{9A19103F-16F7-4668-BE54-9A1E7A4F7556}") = "Foundation4", "final\Foundation4\Foundation4.csproj", "{79B38845-9564-4FD6-9265-1836BF6C4EA9}"
EndProject
Project("{2150E333-8FDC-42A3-9474-1A3956D46DE8}") = "prepare", "prepare", "{7424E84E-B553-4A62-BF04-007AC1BC5C4D}"
EndProject
Project("{9A19103F-16F7-4668-BE54-9A1E7A4F7556}") = "Learning02", "prepare\Learning02\Learning02.csproj", "{2EBA4FD5-FEEA-48D5-BC2B-B344A8FC75A0}"
EndProject
Project("{9A19103F-16F7-4668-BE54-9A1E7A4F7556}") = "Learning03", "prepare\Learning03\Learning03.csproj", "{EF697014-7DE9-4165-A1E6-E05658F56875}"
EndProject
Project("{9A19103F-16F7-4668-BE54-9A1E7A4F7556}") = "Learning04", "prepare\Learning04\Learning04.csproj", "{BAFC7E7F-ED28-421C-ABC6-ABC185C5E21B}"
EndProject
Project("{9A19103F-16F7-4668-BE54-9A1E7A4F7556}") = "Learning05", "prepare\Learning05\Learning05.csproj", "{13E94776-EFD9-4AFE-98BE-B67792CE444E}"
EndProject
Project("{2150E333-8FDC-42A3-9474-1A3956D46DE8}") = "prove", "prove", "{DCE7A109-2498-4387-9625-23118585F48F}"
EndProject
Project("{9A19103F-16F7-4668-BE54-9A1E7A4F7556}") = "Develop02", "prove\Develop02\Develop02.csproj", "{1BB14C82-8EA9-4EFF-BD4B-F288F10E6A97}"
EndProject
Project("{9A19103F-16F7-4668-BE54-9A1E7A4F7556}") = "Develop03", "prove\Develop03\Develop03.csproj", "{B883E592-5FE0-416D-BDA6-291A22EBA3AD}"
EndProject
Project("{9A19103F-16F7-4668-BE54-9A1E7A4F7556}") = "Develop04", "prove\Develop04\Develop04.csproj", "{D19212D6-E40F-40A1-B3E8-70599A0B066A}"
EndProject
Project("{9A19103F-16F7-4668-BE54-9A1E7A4F7556}") = "Develop05", "prove\Develop05\Develop05.csproj", "{29D5281A-4DAE-4D86-818D-D823BB524A97}"
EndProject
Project("{2150E333-8FDC-42A3-9474-1A3956D46DE8}") = "sandbox", "sandbox", "{1F02BDB0-8693-458D-B25E-AD130A5A8AC3}"
EndProject
Project("{9A19103F-16F7-4668-BE54-9A1E7A4F7556}") = "Sandbox", "sandbox\Sandbox\Sandbox.csproj", "{374EA042-6A56-4235-A492-9DB1A8E3A9E7}"
EndProject
Global
	GlobalSection(SolutionConfigurationPlatforms) = preSolution
		Debug|Any CPU = Debug|Any CPU
		Release|Any CPU = Release|Any CPU
	EndGlobalSection
	GlobalSection(ProjectConfigurationPlatforms) = postSolution
		{0653763E-9CC5-4265-B762-6AA9D198FAC5}.Debug|Any CPU.ActiveCfg = Debug|Any CPU
		{0653763E-9CC5-4265-B762-6AA9D198FAC5}.Debug|Any CPU.Build.0 = Debug|Any CPU
		{0653763E-9CC5-4265-B762-6AA9D198FAC5}.Release|Any CPU.ActiveCfg = Release|Any CPU
		{0653763E-9CC5-4265-B762-6AA9D198FAC5}.Release|Any CPU.Build.0 = Release|Any CPU
		{E6D33BB2-2A74-4A6B-AE43-EF0266499AAC}.Debug|Any CPU.ActiveCfg = Debug|Any CPU
		{E6D33BB2-2A74-4A6B-AE43-EF0266499AAC}.Debug|Any CPU.Build.0 = Debug|Any CPU
		{E6D33BB2-2A74-4A6B-AE43-EF0266499AAC}.Release|Any CPU.ActiveCfg = Release|Any CPU
		{E6D33BB2-2A74-4A6B-AE43-EF0266499AAC}.Release|Any CPU.Build.0 = Release|Any CPU
		{79A58928-4A77-464B-9874-5423550A500B}.Debug|Any CPU.ActiveCfg = Debug|Any CPU
		{79A58928-4A77-464B-9874-5423550A500B}.Debug|Any CPU.Build.0 = Debug|Any CPU
		{79A58928-4A77-464B-9874-5423550A500B}.Release|Any CPU.ActiveCfg = Release|Any CPU
		{79A58928-4A77-464B-9874-5423550A500B}.Release|Any CPU.Build.0 = Release|Any CPU
		{ECE73AD3-3991-4C87-B35D-A71DC4403B90}.Debug|Any CPU.ActiveCfg = Debug|Any CPU
		{ECE73AD3-3991-4C87-B35D-A71DC4403B90}.Debug|Any CPU.Build.0 = Debug|Any CPU
		{ECE73AD3-3991-4C87-B35D-A71DC4403B90}.Release|Any CPU.ActiveCfg = Release|Any CPU
		{ECE73AD3-3991-4C87-B35D-A71DC4403B90}.Release|Any CPU.Build.0 = Release|Any CPU
		{BF5A621F-FECD-4360-93B9-15E69F998FCD}.Debug|Any CPU.ActiveCfg = Debug|Any CPU
		{BF5A621F-FECD-4360-93B9-15E69F998FCD}.Debug|Any CPU.Build.0 = Debug|Any CPU
		{BF5A621F-FECD-4360-93B9-15E69F998FCD}.Release|Any CPU.ActiveCfg = Release|Any CPU
		{BF5A621F-FECD-4360-93B9-15E69F998FCD}.Release|Any CPU.Build.0 = Release|Any CPU
		{C4F6C18A-1C75-41F4-A59C-ED4FD91C6479}.Debug|Any CPU.ActiveCfg = Debug|Any CPU
		{C4F6C18A-1C75-41F4-A59C-ED4FD91C6479}.Debug|Any CPU.Build.0 = Debug|Any CPU
		{C4F6C18A-1C75-41F4-A59C-ED4FD91C6479}.Release|Any CPU.ActiveCfg = Release|Any CPU
		{C4F6C18A-1C75-41F4-A59C-ED4FD91C6479}.Release|Any CPU.Build.0 = Release|Any CPU
		{3EB37893-F50E-43B8-9B57-BD9D71F822D4}.Debug|Any CPU.ActiveCfg = Debug|Any CPU
		{3EB37893-F50E-43B8-9B57-BD9D71F822D4}.Debug|Any CPU.Build.0 = Debug|Any CPU
		{3EB37893-F50E-43B8-9B57-BD9D71F822D4}.Release|Any CPU.ActiveCfg = Release|Any CPU
		{3EB37893-F50E-43B8-9B57-BD9D71F822D4}.Release|Any CPU.Build.0 = Release|Any CPU
		{ADBB2724-4ABD-4681-8849-4FF859A5E70C}.Debug|Any CPU.ActiveCfg = Debug|Any CPU
		{ADBB2724-4ABD-4681-8849-4FF859A5E70C}.Debug|Any CPU.Build.0 = Debug|Any CPU
		{ADBB2724-4ABD-4681-8849-4FF859A5E70C}.Release|Any CPU.ActiveCfg = Release|Any CPU
		{ADBB2724-4ABD-4681-8849-4FF859A5E70C}.Release|Any CPU.Build.0 = Release|Any CPU
		{F4899F53-D1EA-4227-B17C-6D105CBDA1BE}.Debug|Any CPU.ActiveCfg = Debug|Any CPU
		{F4899F53-D1EA-4227-B17C-6D105CBDA1BE}.Debug|Any CPU.Build.0 = Debug|Any CPU
		{F4899F53-D1EA-4227-B17C-6D105CBDA1BE}.Release|Any CPU.ActiveCfg = Release|Any CPU
		{F4899F53-D1EA-4227-B17C-6D105CBDA1BE}.Release|Any CPU.Build.0 = Release|Any CPU
		{79B38845-9564-4FD6-9265-1836BF6C4EA9}.Debug|Any CPU.ActiveCfg = Debug|Any CPU
		{79B38845-9564-4FD6-9265-1836BF6C4EA9}.Debug|Any CPU.Build.0 = Debug|Any CPU
		{79B38845-9564-4FD6-9265-1836BF6C4EA9}.Release|Any CPU.ActiveCfg = Release|Any CPU
		{79B38845-9564-4FD6-9265-1836BF6C4EA9}.Release|Any CPU.Build.0 = Release|Any CPU
		{2EBA4FD5-FEEA-48D5-BC2B-B344A8FC75A0}.Debug|Any CPU.ActiveCfg = Debug|Any CPU
		{2EBA4FD5-FEEA-48D5-BC2B-B344A8FC75A0}.Debug|Any CPU.Build.0 = Debug|Any CPU
		{2EBA4FD5-FEEA-48D5-BC2B-B344A8FC75A0}.Release|Any CPU.ActiveCfg = Release|Any CPU
		{2EBA4FD5-FEEA-48D5-BC2B-B344A8FC75A0}.Release|Any CPU.Build.0 = Release|Any CPU
		{EF697014-7DE9-4165-A1E6-E05658F56875}.Debug|Any CPU.ActiveCfg = Debug|Any CPU
		{EF697014-7DE9-4165-A1E6-E05658F56875}.Debug|Any CPU.Build.0 = Debug|Any CPU
		{EF697014-7DE9-4165-A1E6-E05658F56875}.Release|Any CPU.ActiveCfg = Release|Any CPU
		{EF697014-7DE9-4165-A1E6-E05658F56875}.Release|Any CPU.Build.0 = Release|Any CPU
		{BAFC7E7F-ED28-421C-ABC6-ABC185C5E21B}.Debug|Any CPU.ActiveCfg = Debug|Any CPU
		{BAFC7E7F-ED28-421C-ABC6-ABC185C5E21B}.Debug|Any CPU.Build.0 = Debug|Any CPU
		{BAFC7E7F-ED28-421C-ABC6-ABC185C5E21B}.Release|Any CPU.ActiveCfg = Release|Any CPU
		{BAFC7E7F-ED28-421C-ABC6-ABC185C5E21B}.Release|Any CPU.Build.0 = Release|Any CPU
		{13E94776-EFD9-4AFE-98BE-B67792CE444E}.Debug|Any CPU.ActiveCfg = Debug|Any CPU
		{13E94776-EFD9-4AFE-98BE-B67792CE444E}.Debug|Any CPU.Build.0 = Debug|Any CPU
		{13E94776-EFD9-4AFE-98BE-B67792CE444E}.Release|Any CPU.ActiveCfg = Release|Any CPU
		{13E94776-EFD9-4AFE-98BE-B67792CE444E}.Release|Any CPU.Build.0 = Release|Any CPU
		{1BB14C82-8EA9-4EFF-BD4B-F288F10E6A97}.Debug|Any CPU.ActiveCfg = Debug|Any CPU
		{1BB14C82-8EA9-4EFF-BD4B-F288F10E6A97}.Debug|Any CPU.Build.0 = Debug|Any CPU
		{1BB14C82-8EA9-4EFF-BD4B-F288F10E6A97}.Release|Any CPU.ActiveCfg = Release|Any CPU
		{1BB14C82-8EA9-4EFF-BD4B-F288F10E6A97}.Release|Any CPU.Build.0 = Release|Any CPU
		{B883E592-5FE0-416D-BDA6-291A22EBA3AD}.Debug|Any CPU.ActiveCfg = Debug|Any CPU
		{B883E592-5FE0-416D-BDA6-291A22EBA3AD}.Debug|Any CPU.Build.0 = Debug|Any CPU
		{B883E592-5FE0-416D-BDA6-291A22EBA3AD}.Release|Any CPU.ActiveCfg = Release|Any CPU
		{B883E592-5FE0-416D-BDA6-291A22EBA3AD}.Release|Any CPU.Build.0 = Release|Any CPU
		{D19212D6-E40F-40A1-B3E8-70599A0B066A}.Debug|Any CPU.ActiveCfg = Debug|Any CPU
		{D19212D6-E40F-40A1-B3E8-70599A0B066A}.Debug|Any CPU.Build.0 = Debug|Any CPU
		{D19212D6-E40F-40A1-B3E8-70599A0B066A}.Release|Any CPU.ActiveCfg = Release|Any CPU
		{D19212D6-E40F-40A1-B3E8-70599A0B066A}.Release|Any CPU.Build.0 = Release|Any CPU
		{29D5281A-4DAE-4D86-818D-D823BB524A97}.Debug|Any CPU.ActiveCfg = Debug|Any CPU
		{29D5281A-4DAE-4D86-818D-D823BB524A97}.Debug|Any CPU.Build.0 = Debug|Any CPU
		{29D5281A-4DAE-4D86-818D-D823BB524A97}.Release|Any CPU.ActiveCfg = Release|Any CPU
		{29D5281A-4DAE-4D86-818D-D823BB524A97}.Release|Any CPU.Build.0 = Release|Any CPU
		{374EA042-6A56-4235-A492-9DB1A8E3A9E7}.Debug|Any CPU.ActiveCfg = Debug|Any CPU
		{374EA042-6A56-4235-A492-9DB1A8E3A9E7}.Debug|Any CPU.Build.0 = Debug|Any CPU
		{374EA042-6A56-4235-A492-9DB1A8E3A9E7}.Release|Any CPU.ActiveCfg = Release|Any CPU
		{374EA042-6A56-4235-A492-9DB1A8E3A9E7}.Release|Any CPU.Build.0 = Release|Any CPU
	EndGlobalSection
	GlobalSection(SolutionProperties) = preSolution
		HideSolutionNode = FALSE
	EndGlobalSection
	GlobalSection(NestedProjects) = preSolution
		{0653763E-9CC5-4265-B762-6AA9D198FAC5} = {4176289A-687C-49DD-92C8-56E737310E09}
		{E6D33BB2-2A74-4A6B-AE43-EF0266499AAC} = {4176289A-687C-49DD-92C8-56E737310E09}
		{79A58928-4A77-464B-9874-5423550A500B} = {4176289A-687C-49DD-92C8-56E737310E09}
		{ECE73AD3-3991-4C87-B35D-A71DC4403B90} = {4176289A-687C-49DD-92C8-56E737310E09}
		{BF5A621F-FECD-4360-93B9-15E69F998FCD} = {4176289A-687C-49DD-92C8-56E737310E09}
		{C4F6C18A-1C75-41F4-A59C-ED4FD91C6479} = {F0DF6248-5183-43DE-A35D-A424B51B0E4A}
		{3EB37893-F50E-43B8-9B57-BD9D71F822D4} = {F0DF6248-5183-43DE-A35D-A424B51B0E4A}
		{ADBB2724-4ABD-4681-8849-4FF859A5E70C} = {F0DF6248-5183-43DE-A35D-A424B51B0E4A}
		{F4899F53-D1EA-4227-B17C-6D105CBDA1BE} = {F0DF6248-5183-43DE-A35D-A424B51B0E4A}
		{79B38845-9564-4FD6-9265-1836BF6C4EA9} = {F0DF6248-5183-43DE-A35D-A424B51B0E4A}
		{2EBA4FD5-FEEA-48D5-BC2B-B344A8FC75A0} = {7424E84E-B553-4A62-BF04-007AC1BC5C4D}
		{EF697014-7DE9-4165-A1E6-E05658F56875} = {7424E84E-B553-4A62-BF04-007AC1BC5C4D}
		{BAFC7E7F-ED28-421C-ABC6-ABC185C5E21B} = {7424E84E-B553-4A62-BF04-007AC1BC5C4D}
		{13E94776-EFD9-4AFE-98BE-B67792CE444E} = {7424E84E-B553-4A62-BF04-007AC1BC5C4D}
		{1BB14C82-8EA9-4EFF-BD4B-F288F10E6A97} = {DCE7A109-2498-4387-9625-23118585F48F}
		{B883E592-5FE0-416D-BDA6-291A22EBA3AD} = {DCE7A109-2498-4387-9625-23118585F48F}
		{D19212D6-E40F-40A1-B3E8-70599A0B066A} = {DCE7A109-2498-4387-9625-23118585F48F}
		{29D5281A-4DAE-4D86-818D-D823BB524A97} = {DCE7A109-2498-4387-9625-23118585F48F}
		{374EA042-6A56-4235-A492-9DB1A8E3A9E7} = {1F02BDB0-8693-458D-B25E-AD130A5A8AC3}
	EndGlobalSection
	GlobalSection(ExtensibilityGlobals) = postSolution
		SolutionGuid = {6B516262-3385-4828-9155-7974A6828680}
	EndGlobalSection
EndGlobal
